
Microsoft Visual Studio Solution File, Format Version 12.00
# Visual Studio Version 16
VisualStudioVersion = 16.0.30114.105
MinimumVisualStudioVersion = 10.0.40219.1
Project("{FAE04EC0-301F-11D3-BF4B-00C04F79EFBC}") = "data-structure-01-intro", "data-structure-01-intro\data-structure-01-intro.csproj", "{EED566EB-A7C1-4906-8799-C6A26BCE258C}"
EndProject
Project("{FAE04EC0-301F-11D3-BF4B-00C04F79EFBC}") = "DataStructureListaLigada03", "DataStructureListaLigada03\DataStructureListaLigada03.csproj", "{8BD29160-764A-4806-B386-6A40D1DBFDBA}"
EndProject
Project("{FAE04EC0-301F-11D3-BF4B-00C04F79EFBC}") = "DataStructureRecursion02", "DataStructureRecursion02\DataStructureRecursion02.csproj", "{2B62530E-40B5-4158-8469-BFA3CAC5108E}"
EndProject
Project("{FAE04EC0-301F-11D3-BF4B-00C04F79EFBC}") = "DataStructureBubbleSort04", "DataStructureBubbleSort04\DataStructureBubbleSort04.csproj", "{EB832C12-23AE-4356-8778-47377248E102}"
EndProject
Project("{FAE04EC0-301F-11D3-BF4B-00C04F79EFBC}") = "DataStructureInsertionSort05", "DataStructureInsertionSort05\DataStructureInsertionSort05.csproj", "{8BFCF32D-0891-457F-A1BF-EB35248B9E27}"
EndProject
Project("{FAE04EC0-301F-11D3-BF4B-00C04F79EFBC}") = "DataStructureSelectionSort", "DataStructureSelectionSort\DataStructureSelectionSort.csproj", "{5AF2B9AA-D822-4BC9-BE0D-0F89AECEC80F}"
EndProject
Project("{FAE04EC0-301F-11D3-BF4B-00C04F79EFBC}") = "DataStructureMergeSort07", "DataStructureMergeSort07\DataStructureMergeSort07.csproj", "{8223C97C-F73B-479F-A09D-9626BBFC1051}"
EndProject
Project("{FAE04EC0-301F-11D3-BF4B-00C04F79EFBC}") = "DataStructureQuickSort08", "DataStructureQuickSort08\DataStructureQuickSort08.csproj", "{34E43062-AFEC-438C-9770-A2C7ADA9F3C7}"
EndProject
Project("{FAE04EC0-301F-11D3-BF4B-00C04F79EFBC}") = "DataStructureStackPila", "DataStructureStackPila\DataStructureStackPila.csproj", "{D7084F6F-5991-4F4C-95EB-7F9C8DA2CC3B}"
EndProject
Project("{FAE04EC0-301F-11D3-BF4B-00C04F79EFBC}") = "DataStructureBalanceSignos", "DataStructureBalanceSignos\DataStructureBalanceSignos.csproj", "{8FEF099E-5933-4383-B1E6-7B47054926AB}"
EndProject
Project("{FAE04EC0-301F-11D3-BF4B-00C04F79EFBC}") = "DataStructureQueue", "DataStructureQueue\DataStructureQueue.csproj", "{9070137A-41E9-43CA-9BD3-AF36BCF4F647}"
EndProject
Project("{FAE04EC0-301F-11D3-BF4B-00C04F79EFBC}") = "DataStructureArbol", "DataStructureArbol\DataStructureArbol.csproj", "{896F13BD-9363-40B2-A4E2-15A9EE475B1D}"
EndProject
Project("{FAE04EC0-301F-11D3-BF4B-00C04F79EFBC}") = "DataStructureArbolBinario", "DataStructureArbolBinario\DataStructureArbolBinario.csproj", "{E48AE6FB-652B-492A-A70C-DFB9E4FFC623}"
EndProject
Project("{FAE04EC0-301F-11D3-BF4B-00C04F79EFBC}") = "DataStructureEvaluacionExpresiones", "DataStructureEvaluacionExpresiones\DataStructureEvaluacionExpresiones.csproj", "{16178C50-BB6D-4C6D-8351-DCF31ADC5F77}"
EndProject
Project("{FAE04EC0-301F-11D3-BF4B-00C04F79EFBC}") = "15DataStructurePrefix", "15DataStructurePrefix\15DataStructurePrefix.csproj", "{463281D9-08AD-405A-8A65-7C01BD1FF568}"
EndProject
Project("{FAE04EC0-301F-11D3-BF4B-00C04F79EFBC}") = "16DataStructureTablaHash", "16DataStructureTablaHash\16DataStructureTablaHash.csproj", "{0E207CF2-4D3B-45AD-A0C4-0E999DF913FF}"
EndProject
Project("{FAE04EC0-301F-11D3-BF4B-00C04F79EFBC}") = "16DataStructureDireccionamientoAbierto", "17DataStructureDireccionamientoAbierto\16DataStructureDireccionamientoAbierto.csproj", "{342F99CD-B4C9-4DD1-87B5-CCC797706944}"
EndProject
Project("{FAE04EC0-301F-11D3-BF4B-00C04F79EFBC}") = "36SondeoLinealCuadratico", "36SondeoLinealCuadratico\36SondeoLinealCuadratico.csproj", "{C50004DC-4839-46DE-ABE7-A0338E1666D9}"
EndProject
Global
	GlobalSection(SolutionConfigurationPlatforms) = preSolution
		Debug|Any CPU = Debug|Any CPU
		Release|Any CPU = Release|Any CPU
	EndGlobalSection
	GlobalSection(SolutionProperties) = preSolution
		HideSolutionNode = FALSE
	EndGlobalSection
	GlobalSection(ProjectConfigurationPlatforms) = postSolution
		{EED566EB-A7C1-4906-8799-C6A26BCE258C}.Debug|Any CPU.ActiveCfg = Debug|Any CPU
		{EED566EB-A7C1-4906-8799-C6A26BCE258C}.Debug|Any CPU.Build.0 = Debug|Any CPU
		{EED566EB-A7C1-4906-8799-C6A26BCE258C}.Release|Any CPU.ActiveCfg = Release|Any CPU
		{EED566EB-A7C1-4906-8799-C6A26BCE258C}.Release|Any CPU.Build.0 = Release|Any CPU
		{8BD29160-764A-4806-B386-6A40D1DBFDBA}.Debug|Any CPU.ActiveCfg = Debug|Any CPU
		{8BD29160-764A-4806-B386-6A40D1DBFDBA}.Debug|Any CPU.Build.0 = Debug|Any CPU
		{8BD29160-764A-4806-B386-6A40D1DBFDBA}.Release|Any CPU.ActiveCfg = Release|Any CPU
		{8BD29160-764A-4806-B386-6A40D1DBFDBA}.Release|Any CPU.Build.0 = Release|Any CPU
		{2B62530E-40B5-4158-8469-BFA3CAC5108E}.Debug|Any CPU.ActiveCfg = Debug|Any CPU
		{2B62530E-40B5-4158-8469-BFA3CAC5108E}.Debug|Any CPU.Build.0 = Debug|Any CPU
		{2B62530E-40B5-4158-8469-BFA3CAC5108E}.Release|Any CPU.ActiveCfg = Release|Any CPU
		{2B62530E-40B5-4158-8469-BFA3CAC5108E}.Release|Any CPU.Build.0 = Release|Any CPU
		{EB832C12-23AE-4356-8778-47377248E102}.Debug|Any CPU.ActiveCfg = Debug|Any CPU
		{EB832C12-23AE-4356-8778-47377248E102}.Debug|Any CPU.Build.0 = Debug|Any CPU
		{EB832C12-23AE-4356-8778-47377248E102}.Release|Any CPU.ActiveCfg = Release|Any CPU
		{EB832C12-23AE-4356-8778-47377248E102}.Release|Any CPU.Build.0 = Release|Any CPU
		{8BFCF32D-0891-457F-A1BF-EB35248B9E27}.Debug|Any CPU.ActiveCfg = Debug|Any CPU
		{8BFCF32D-0891-457F-A1BF-EB35248B9E27}.Debug|Any CPU.Build.0 = Debug|Any CPU
		{8BFCF32D-0891-457F-A1BF-EB35248B9E27}.Release|Any CPU.ActiveCfg = Release|Any CPU
		{8BFCF32D-0891-457F-A1BF-EB35248B9E27}.Release|Any CPU.Build.0 = Release|Any CPU
		{5AF2B9AA-D822-4BC9-BE0D-0F89AECEC80F}.Debug|Any CPU.ActiveCfg = Debug|Any CPU
		{5AF2B9AA-D822-4BC9-BE0D-0F89AECEC80F}.Debug|Any CPU.Build.0 = Debug|Any CPU
		{5AF2B9AA-D822-4BC9-BE0D-0F89AECEC80F}.Release|Any CPU.ActiveCfg = Release|Any CPU
		{5AF2B9AA-D822-4BC9-BE0D-0F89AECEC80F}.Release|Any CPU.Build.0 = Release|Any CPU
		{8223C97C-F73B-479F-A09D-9626BBFC1051}.Debug|Any CPU.ActiveCfg = Debug|Any CPU
		{8223C97C-F73B-479F-A09D-9626BBFC1051}.Debug|Any CPU.Build.0 = Debug|Any CPU
		{8223C97C-F73B-479F-A09D-9626BBFC1051}.Release|Any CPU.ActiveCfg = Release|Any CPU
		{8223C97C-F73B-479F-A09D-9626BBFC1051}.Release|Any CPU.Build.0 = Release|Any CPU
		{34E43062-AFEC-438C-9770-A2C7ADA9F3C7}.Debug|Any CPU.ActiveCfg = Debug|Any CPU
		{34E43062-AFEC-438C-9770-A2C7ADA9F3C7}.Debug|Any CPU.Build.0 = Debug|Any CPU
		{34E43062-AFEC-438C-9770-A2C7ADA9F3C7}.Release|Any CPU.ActiveCfg = Release|Any CPU
		{34E43062-AFEC-438C-9770-A2C7ADA9F3C7}.Release|Any CPU.Build.0 = Release|Any CPU
		{D7084F6F-5991-4F4C-95EB-7F9C8DA2CC3B}.Debug|Any CPU.ActiveCfg = Debug|Any CPU
		{D7084F6F-5991-4F4C-95EB-7F9C8DA2CC3B}.Debug|Any CPU.Build.0 = Debug|Any CPU
		{D7084F6F-5991-4F4C-95EB-7F9C8DA2CC3B}.Release|Any CPU.ActiveCfg = Release|Any CPU
		{D7084F6F-5991-4F4C-95EB-7F9C8DA2CC3B}.Release|Any CPU.Build.0 = Release|Any CPU
		{8FEF099E-5933-4383-B1E6-7B47054926AB}.Debug|Any CPU.ActiveCfg = Debug|Any CPU
		{8FEF099E-5933-4383-B1E6-7B47054926AB}.Debug|Any CPU.Build.0 = Debug|Any CPU
		{8FEF099E-5933-4383-B1E6-7B47054926AB}.Release|Any CPU.ActiveCfg = Release|Any CPU
		{8FEF099E-5933-4383-B1E6-7B47054926AB}.Release|Any CPU.Build.0 = Release|Any CPU
		{9070137A-41E9-43CA-9BD3-AF36BCF4F647}.Debug|Any CPU.ActiveCfg = Debug|Any CPU
		{9070137A-41E9-43CA-9BD3-AF36BCF4F647}.Debug|Any CPU.Build.0 = Debug|Any CPU
		{9070137A-41E9-43CA-9BD3-AF36BCF4F647}.Release|Any CPU.ActiveCfg = Release|Any CPU
		{9070137A-41E9-43CA-9BD3-AF36BCF4F647}.Release|Any CPU.Build.0 = Release|Any CPU
		{896F13BD-9363-40B2-A4E2-15A9EE475B1D}.Debug|Any CPU.ActiveCfg = Debug|Any CPU
		{896F13BD-9363-40B2-A4E2-15A9EE475B1D}.Debug|Any CPU.Build.0 = Debug|Any CPU
		{896F13BD-9363-40B2-A4E2-15A9EE475B1D}.Release|Any CPU.ActiveCfg = Release|Any CPU
		{896F13BD-9363-40B2-A4E2-15A9EE475B1D}.Release|Any CPU.Build.0 = Release|Any CPU
		{E48AE6FB-652B-492A-A70C-DFB9E4FFC623}.Debug|Any CPU.ActiveCfg = Debug|Any CPU
		{E48AE6FB-652B-492A-A70C-DFB9E4FFC623}.Debug|Any CPU.Build.0 = Debug|Any CPU
		{E48AE6FB-652B-492A-A70C-DFB9E4FFC623}.Release|Any CPU.ActiveCfg = Release|Any CPU
		{E48AE6FB-652B-492A-A70C-DFB9E4FFC623}.Release|Any CPU.Build.0 = Release|Any CPU
		{16178C50-BB6D-4C6D-8351-DCF31ADC5F77}.Debug|Any CPU.ActiveCfg = Debug|Any CPU
		{16178C50-BB6D-4C6D-8351-DCF31ADC5F77}.Debug|Any CPU.Build.0 = Debug|Any CPU
		{16178C50-BB6D-4C6D-8351-DCF31ADC5F77}.Release|Any CPU.ActiveCfg = Release|Any CPU
		{16178C50-BB6D-4C6D-8351-DCF31ADC5F77}.Release|Any CPU.Build.0 = Release|Any CPU
		{463281D9-08AD-405A-8A65-7C01BD1FF568}.Debug|Any CPU.ActiveCfg = Debug|Any CPU
		{463281D9-08AD-405A-8A65-7C01BD1FF568}.Debug|Any CPU.Build.0 = Debug|Any CPU
		{463281D9-08AD-405A-8A65-7C01BD1FF568}.Release|Any CPU.ActiveCfg = Release|Any CPU
		{463281D9-08AD-405A-8A65-7C01BD1FF568}.Release|Any CPU.Build.0 = Release|Any CPU
		{0E207CF2-4D3B-45AD-A0C4-0E999DF913FF}.Debug|Any CPU.ActiveCfg = Debug|Any CPU
		{0E207CF2-4D3B-45AD-A0C4-0E999DF913FF}.Debug|Any CPU.Build.0 = Debug|Any CPU
		{0E207CF2-4D3B-45AD-A0C4-0E999DF913FF}.Release|Any CPU.ActiveCfg = Release|Any CPU
		{0E207CF2-4D3B-45AD-A0C4-0E999DF913FF}.Release|Any CPU.Build.0 = Release|Any CPU
		{342F99CD-B4C9-4DD1-87B5-CCC797706944}.Debug|Any CPU.ActiveCfg = Debug|Any CPU
		{342F99CD-B4C9-4DD1-87B5-CCC797706944}.Debug|Any CPU.Build.0 = Debug|Any CPU
		{342F99CD-B4C9-4DD1-87B5-CCC797706944}.Release|Any CPU.ActiveCfg = Release|Any CPU
		{342F99CD-B4C9-4DD1-87B5-CCC797706944}.Release|Any CPU.Build.0 = Release|Any CPU
		{C50004DC-4839-46DE-ABE7-A0338E1666D9}.Debug|Any CPU.ActiveCfg = Debug|Any CPU
		{C50004DC-4839-46DE-ABE7-A0338E1666D9}.Debug|Any CPU.Build.0 = Debug|Any CPU
		{C50004DC-4839-46DE-ABE7-A0338E1666D9}.Release|Any CPU.ActiveCfg = Release|Any CPU
		{C50004DC-4839-46DE-ABE7-A0338E1666D9}.Release|Any CPU.Build.0 = Release|Any CPU
	EndGlobalSection
EndGlobal
